
Microsoft Visual Studio Solution File, Format Version 12.00
# Visual Studio Version 17
VisualStudioVersion = 17.0.32112.339
MinimumVisualStudioVersion = 10.0.40219.1
Project("{FAE04EC0-301F-11D3-BF4B-00C04F79EFBC}") = "WPF_Rozetka", "WPF_Rozetka.csproj", "{E7CD12BD-0F9D-4AA4-B8C5-316FE6952242}"
EndProject
Global
	GlobalSection(SolutionConfigurationPlatforms) = preSolution
		Debug|Any CPU = Debug|Any CPU
		Release|Any CPU = Release|Any CPU
	EndGlobalSection
	GlobalSection(ProjectConfigurationPlatforms) = postSolution
		{E7CD12BD-0F9D-4AA4-B8C5-316FE6952242}.Debug|Any CPU.ActiveCfg = Debug|Any CPU
		{E7CD12BD-0F9D-4AA4-B8C5-316FE6952242}.Debug|Any CPU.Build.0 = Debug|Any CPU
		{E7CD12BD-0F9D-4AA4-B8C5-316FE6952242}.Release|Any CPU.ActiveCfg = Release|Any CPU
		{E7CD12BD-0F9D-4AA4-B8C5-316FE6952242}.Release|Any CPU.Build.0 = Release|Any CPU
	EndGlobalSection
	GlobalSection(SolutionProperties) = preSolution
		HideSolutionNode = FALSE
	EndGlobalSection
	GlobalSection(ExtensibilityGlobals) = postSolution
		SolutionGuid = {38A3CFCB-8713-42FF-98DF-438AEDF524F0}
	EndGlobalSection
EndGlobal
